// !$*UTF8*$!
{
	archiveVersion = 1;
	classes = {
	};
	objectVersion = 50;
	objects = {

/* Begin PBXBuildFile section */
		E40208DC256B9BA60077F5DC /* ZLImageEditor.h in Headers */ = {isa = PBXBuildFile; fileRef = E40208DA256B9BA60077F5DC /* ZLImageEditor.h */; settings = {ATTRIBUTES = (Public, ); }; };
		E40208EB256B9F9C0077F5DC /* ZLEditImageViewController.swift in Sources */ = {isa = PBXBuildFile; fileRef = E40208E4256B9F9C0077F5DC /* ZLEditImageViewController.swift */; };
		E40208EC256B9F9C0077F5DC /* ZLImageStickerView.swift in Sources */ = {isa = PBXBuildFile; fileRef = E40208E5256B9F9C0077F5DC /* ZLImageStickerView.swift */; };
		E40208ED256B9F9C0077F5DC /* ZLTextStickerView.swift in Sources */ = {isa = PBXBuildFile; fileRef = E40208E6256B9F9C0077F5DC /* ZLTextStickerView.swift */; };
		E40208EF256B9F9C0077F5DC /* ZLInputTextViewController.swift in Sources */ = {isa = PBXBuildFile; fileRef = E40208E8256B9F9C0077F5DC /* ZLInputTextViewController.swift */; };
		E40208F0256B9F9C0077F5DC /* ZLClipImageViewController.swift in Sources */ = {isa = PBXBuildFile; fileRef = E40208E9256B9F9C0077F5DC /* ZLClipImageViewController.swift */; };
		E40208F1256B9F9C0077F5DC /* ZLFilter.swift in Sources */ = {isa = PBXBuildFile; fileRef = E40208EA256B9F9C0077F5DC /* ZLFilter.swift */; };
		E40208F4256B9FA70077F5DC /* ZLClipImageDismissAnimatedTransition.swift in Sources */ = {isa = PBXBuildFile; fileRef = E40208F3256B9FA70077F5DC /* ZLClipImageDismissAnimatedTransition.swift */; };
		E40208F7256B9FCB0077F5DC /* CGFloat+ZLImageEditor.swift in Sources */ = {isa = PBXBuildFile; fileRef = E40208F6256B9FCB0077F5DC /* CGFloat+ZLImageEditor.swift */; };
		E40208FD256BA0080077F5DC /* UIImage+ZLImageEditor.swift in Sources */ = {isa = PBXBuildFile; fileRef = E40208F9256BA0070077F5DC /* UIImage+ZLImageEditor.swift */; };
		E40208FE256BA0080077F5DC /* String+ZLImageEditor.swift in Sources */ = {isa = PBXBuildFile; fileRef = E40208FA256BA0080077F5DC /* String+ZLImageEditor.swift */; };
		E40208FF256BA0080077F5DC /* Bundle+ZLImageEditor.swift in Sources */ = {isa = PBXBuildFile; fileRef = E40208FB256BA0080077F5DC /* Bundle+ZLImageEditor.swift */; };
		E4020900256BA0080077F5DC /* Cell+ZLImageEditor.swift in Sources */ = {isa = PBXBuildFile; fileRef = E40208FC256BA0080077F5DC /* Cell+ZLImageEditor.swift */; };
		E4020905256BA0390077F5DC /* ZLImageEditor.bundle in Resources */ = {isa = PBXBuildFile; fileRef = E4020904256BA0390077F5DC /* ZLImageEditor.bundle */; };
		E402090A256BA1DE0077F5DC /* ZLImageEditorDefine.swift in Sources */ = {isa = PBXBuildFile; fileRef = E4020909256BA1DE0077F5DC /* ZLImageEditorDefine.swift */; };
		E402090E256BA1F40077F5DC /* ZLImageEditorLanguageDefine.swift in Sources */ = {isa = PBXBuildFile; fileRef = E402090D256BA1F40077F5DC /* ZLImageEditorLanguageDefine.swift */; };
		E4020912256BA27D0077F5DC /* ZLImageEditorConfiguration.swift in Sources */ = {isa = PBXBuildFile; fileRef = E4020911256BA27D0077F5DC /* ZLImageEditorConfiguration.swift */; };
		E4020918256BA6840077F5DC /* UIControl+ZLImageEditor.swift in Sources */ = {isa = PBXBuildFile; fileRef = E4020917256BA6840077F5DC /* UIControl+ZLImageEditor.swift */; };
		FDD5289226C3FFCA00338B06 /* ZLImageEditor.swift in Sources */ = {isa = PBXBuildFile; fileRef = FDD5289126C3FFCA00338B06 /* ZLImageEditor.swift */; };
/* End PBXBuildFile section */

/* Begin PBXFileReference section */
		E40208D7256B9BA60077F5DC /* ZLImageEditor.framework */ = {isa = PBXFileReference; explicitFileType = wrapper.framework; includeInIndex = 0; path = ZLImageEditor.framework; sourceTree = BUILT_PRODUCTS_DIR; };
		E40208DA256B9BA60077F5DC /* ZLImageEditor.h */ = {isa = PBXFileReference; lastKnownFileType = sourcecode.c.h; path = ZLImageEditor.h; sourceTree = "<group>"; };
		E40208DB256B9BA60077F5DC /* Info.plist */ = {isa = PBXFileReference; lastKnownFileType = text.plist.xml; path = Info.plist; sourceTree = "<group>"; };
		E40208E4256B9F9C0077F5DC /* ZLEditImageViewController.swift */ = {isa = PBXFileReference; fileEncoding = 4; lastKnownFileType = sourcecode.swift; path = ZLEditImageViewController.swift; sourceTree = "<group>"; };
		E40208E5256B9F9C0077F5DC /* ZLImageStickerView.swift */ = {isa = PBXFileReference; fileEncoding = 4; lastKnownFileType = sourcecode.swift; path = ZLImageStickerView.swift; sourceTree = "<group>"; };
		E40208E6256B9F9C0077F5DC /* ZLTextStickerView.swift */ = {isa = PBXFileReference; fileEncoding = 4; lastKnownFileType = sourcecode.swift; path = ZLTextStickerView.swift; sourceTree = "<group>"; };
		E40208E8256B9F9C0077F5DC /* ZLInputTextViewController.swift */ = {isa = PBXFileReference; fileEncoding = 4; lastKnownFileType = sourcecode.swift; path = ZLInputTextViewController.swift; sourceTree = "<group>"; };
		E40208E9256B9F9C0077F5DC /* ZLClipImageViewController.swift */ = {isa = PBXFileReference; fileEncoding = 4; lastKnownFileType = sourcecode.swift; path = ZLClipImageViewController.swift; sourceTree = "<group>"; };
		E40208EA256B9F9C0077F5DC /* ZLFilter.swift */ = {isa = PBXFileReference; fileEncoding = 4; lastKnownFileType = sourcecode.swift; path = ZLFilter.swift; sourceTree = "<group>"; };
		E40208F3256B9FA70077F5DC /* ZLClipImageDismissAnimatedTransition.swift */ = {isa = PBXFileReference; fileEncoding = 4; lastKnownFileType = sourcecode.swift; path = ZLClipImageDismissAnimatedTransition.swift; sourceTree = "<group>"; };
		E40208F6256B9FCB0077F5DC /* CGFloat+ZLImageEditor.swift */ = {isa = PBXFileReference; fileEncoding = 4; lastKnownFileType = sourcecode.swift; path = "CGFloat+ZLImageEditor.swift"; sourceTree = "<group>"; };
		E40208F9256BA0070077F5DC /* UIImage+ZLImageEditor.swift */ = {isa = PBXFileReference; fileEncoding = 4; lastKnownFileType = sourcecode.swift; path = "UIImage+ZLImageEditor.swift"; sourceTree = "<group>"; };
		E40208FA256BA0080077F5DC /* String+ZLImageEditor.swift */ = {isa = PBXFileReference; fileEncoding = 4; lastKnownFileType = sourcecode.swift; path = "String+ZLImageEditor.swift"; sourceTree = "<group>"; };
		E40208FB256BA0080077F5DC /* Bundle+ZLImageEditor.swift */ = {isa = PBXFileReference; fileEncoding = 4; lastKnownFileType = sourcecode.swift; path = "Bundle+ZLImageEditor.swift"; sourceTree = "<group>"; };
		E40208FC256BA0080077F5DC /* Cell+ZLImageEditor.swift */ = {isa = PBXFileReference; fileEncoding = 4; lastKnownFileType = sourcecode.swift; path = "Cell+ZLImageEditor.swift"; sourceTree = "<group>"; };
		E4020904256BA0390077F5DC /* ZLImageEditor.bundle */ = {isa = PBXFileReference; lastKnownFileType = "wrapper.plug-in"; path = ZLImageEditor.bundle; sourceTree = "<group>"; };
		E4020909256BA1DE0077F5DC /* ZLImageEditorDefine.swift */ = {isa = PBXFileReference; lastKnownFileType = sourcecode.swift; path = ZLImageEditorDefine.swift; sourceTree = "<group>"; };
		E402090D256BA1F40077F5DC /* ZLImageEditorLanguageDefine.swift */ = {isa = PBXFileReference; lastKnownFileType = sourcecode.swift; path = ZLImageEditorLanguageDefine.swift; sourceTree = "<group>"; };
		E4020911256BA27D0077F5DC /* ZLImageEditorConfiguration.swift */ = {isa = PBXFileReference; lastKnownFileType = sourcecode.swift; path = ZLImageEditorConfiguration.swift; sourceTree = "<group>"; };
		E4020917256BA6840077F5DC /* UIControl+ZLImageEditor.swift */ = {isa = PBXFileReference; fileEncoding = 4; lastKnownFileType = sourcecode.swift; path = "UIControl+ZLImageEditor.swift"; sourceTree = "<group>"; };
		FDD5289126C3FFCA00338B06 /* ZLImageEditor.swift */ = {isa = PBXFileReference; fileEncoding = 4; lastKnownFileType = sourcecode.swift; path = ZLImageEditor.swift; sourceTree = "<group>"; };
/* End PBXFileReference section */

/* Begin PBXFrameworksBuildPhase section */
		E40208D4256B9BA60077F5DC /* Frameworks */ = {
			isa = PBXFrameworksBuildPhase;
			buildActionMask = 2147483647;
			files = (
			);
			runOnlyForDeploymentPostprocessing = 0;
		};
/* End PBXFrameworksBuildPhase section */

/* Begin PBXGroup section */
		E40208CD256B9BA60077F5DC = {
			isa = PBXGroup;
			children = (
				E40208D9256B9BA60077F5DC /* Sources */,
				E40208D8256B9BA60077F5DC /* Products */,
			);
			sourceTree = "<group>";
		};
		E40208D8256B9BA60077F5DC /* Products */ = {
			isa = PBXGroup;
			children = (
				E40208D7256B9BA60077F5DC /* ZLImageEditor.framework */,
			);
			name = Products;
			sourceTree = "<group>";
		};
		E40208D9256B9BA60077F5DC /* Sources */ = {
			isa = PBXGroup;
			children = (
				E40208DA256B9BA60077F5DC /* ZLImageEditor.h */,
				E4020904256BA0390077F5DC /* ZLImageEditor.bundle */,
				E4020902256BA00D0077F5DC /* General */,
				E4020903256BA01F0077F5DC /* Extensions */,
				E40208DB256B9BA60077F5DC /* Info.plist */,
			);
			path = Sources;
			sourceTree = "<group>";
		};
		E4020902256BA00D0077F5DC /* General */ = {
			isa = PBXGroup;
			children = (
				E4020909256BA1DE0077F5DC /* ZLImageEditorDefine.swift */,
				E402090D256BA1F40077F5DC /* ZLImageEditorLanguageDefine.swift */,
				E4020911256BA27D0077F5DC /* ZLImageEditorConfiguration.swift */,
				E40208E4256B9F9C0077F5DC /* ZLEditImageViewController.swift */,
				E40208E9256B9F9C0077F5DC /* ZLClipImageViewController.swift */,
				E40208E8256B9F9C0077F5DC /* ZLInputTextViewController.swift */,
				E40208E5256B9F9C0077F5DC /* ZLImageStickerView.swift */,
				E40208E6256B9F9C0077F5DC /* ZLTextStickerView.swift */,
				E40208EA256B9F9C0077F5DC /* ZLFilter.swift */,
				E40208F3256B9FA70077F5DC /* ZLClipImageDismissAnimatedTransition.swift */,
				FDD5289126C3FFCA00338B06 /* ZLImageEditor.swift */,
			);
			path = General;
			sourceTree = "<group>";
		};
		E4020903256BA01F0077F5DC /* Extensions */ = {
			isa = PBXGroup;
			children = (
				E4020917256BA6840077F5DC /* UIControl+ZLImageEditor.swift */,
				E40208F6256B9FCB0077F5DC /* CGFloat+ZLImageEditor.swift */,
				E40208FB256BA0080077F5DC /* Bundle+ZLImageEditor.swift */,
				E40208FC256BA0080077F5DC /* Cell+ZLImageEditor.swift */,
				E40208FA256BA0080077F5DC /* String+ZLImageEditor.swift */,
				E40208F9256BA0070077F5DC /* UIImage+ZLImageEditor.swift */,
			);
			path = Extensions;
			sourceTree = "<group>";
		};
/* End PBXGroup section */

/* Begin PBXHeadersBuildPhase section */
		E40208D2256B9BA60077F5DC /* Headers */ = {
			isa = PBXHeadersBuildPhase;
			buildActionMask = 2147483647;
			files = (
				E40208DC256B9BA60077F5DC /* ZLImageEditor.h in Headers */,
			);
			runOnlyForDeploymentPostprocessing = 0;
		};
/* End PBXHeadersBuildPhase section */

/* Begin PBXNativeTarget section */
		E40208D6256B9BA60077F5DC /* ZLImageEditor */ = {
			isa = PBXNativeTarget;
			buildConfigurationList = E40208DF256B9BA60077F5DC /* Build configuration list for PBXNativeTarget "ZLImageEditor" */;
			buildPhases = (
				E40208D2256B9BA60077F5DC /* Headers */,
				E40208D3256B9BA60077F5DC /* Sources */,
				E40208D4256B9BA60077F5DC /* Frameworks */,
				E40208D5256B9BA60077F5DC /* Resources */,
			);
			buildRules = (
			);
			dependencies = (
			);
			name = ZLImageEditor;
			productName = ZLImageEditor;
			productReference = E40208D7256B9BA60077F5DC /* ZLImageEditor.framework */;
			productType = "com.apple.product-type.framework";
		};
/* End PBXNativeTarget section */

/* Begin PBXProject section */
		E40208CE256B9BA60077F5DC /* Project object */ = {
			isa = PBXProject;
			attributes = {
				LastUpgradeCheck = 1210;
				TargetAttributes = {
					E40208D6256B9BA60077F5DC = {
						CreatedOnToolsVersion = 12.1;
						LastSwiftMigration = 1210;
					};
				};
			};
			buildConfigurationList = E40208D1256B9BA60077F5DC /* Build configuration list for PBXProject "ZLImageEditor" */;
			compatibilityVersion = "Xcode 9.3";
			developmentRegion = en;
			hasScannedForEncodings = 0;
			knownRegions = (
				en,
				Base,
			);
			mainGroup = E40208CD256B9BA60077F5DC;
			productRefGroup = E40208D8256B9BA60077F5DC /* Products */;
			projectDirPath = "";
			projectRoot = "";
			targets = (
				E40208D6256B9BA60077F5DC /* ZLImageEditor */,
			);
		};
/* End PBXProject section */

/* Begin PBXResourcesBuildPhase section */
		E40208D5256B9BA60077F5DC /* Resources */ = {
			isa = PBXResourcesBuildPhase;
			buildActionMask = 2147483647;
			files = (
				E4020905256BA0390077F5DC /* ZLImageEditor.bundle in Resources */,
			);
			runOnlyForDeploymentPostprocessing = 0;
		};
/* End PBXResourcesBuildPhase section */

/* Begin PBXSourcesBuildPhase section */
		E40208D3256B9BA60077F5DC /* Sources */ = {
			isa = PBXSourcesBuildPhase;
			buildActionMask = 2147483647;
			files = (
				E4020912256BA27D0077F5DC /* ZLImageEditorConfiguration.swift in Sources */,
				E40208F4256B9FA70077F5DC /* ZLClipImageDismissAnimatedTransition.swift in Sources */,
				E40208FE256BA0080077F5DC /* String+ZLImageEditor.swift in Sources */,
				E40208FD256BA0080077F5DC /* UIImage+ZLImageEditor.swift in Sources */,
				E40208FF256BA0080077F5DC /* Bundle+ZLImageEditor.swift in Sources */,
				E40208F0256B9F9C0077F5DC /* ZLClipImageViewController.swift in Sources */,
				FDD5289226C3FFCA00338B06 /* ZLImageEditor.swift in Sources */,
				E4020900256BA0080077F5DC /* Cell+ZLImageEditor.swift in Sources */,
				E4020918256BA6840077F5DC /* UIControl+ZLImageEditor.swift in Sources */,
				E40208EC256B9F9C0077F5DC /* ZLImageStickerView.swift in Sources */,
				E40208F7256B9FCB0077F5DC /* CGFloat+ZLImageEditor.swift in Sources */,
				E40208EB256B9F9C0077F5DC /* ZLEditImageViewController.swift in Sources */,
				E402090E256BA1F40077F5DC /* ZLImageEditorLanguageDefine.swift in Sources */,
				E40208EF256B9F9C0077F5DC /* ZLInputTextViewController.swift in Sources */,
				E40208F1256B9F9C0077F5DC /* ZLFilter.swift in Sources */,
				E402090A256BA1DE0077F5DC /* ZLImageEditorDefine.swift in Sources */,
				E40208ED256B9F9C0077F5DC /* ZLTextStickerView.swift in Sources */,
			);
			runOnlyForDeploymentPostprocessing = 0;
		};
/* End PBXSourcesBuildPhase section */

/* Begin XCBuildConfiguration section */
		E40208DD256B9BA60077F5DC /* Debug */ = {
			isa = XCBuildConfiguration;
			buildSettings = {
				ALWAYS_SEARCH_USER_PATHS = NO;
				CLANG_ANALYZER_NONNULL = YES;
				CLANG_ANALYZER_NUMBER_OBJECT_CONVERSION = YES_AGGRESSIVE;
				CLANG_CXX_LANGUAGE_STANDARD = "gnu++14";
				CLANG_CXX_LIBRARY = "libc++";
				CLANG_ENABLE_MODULES = YES;
				CLANG_ENABLE_OBJC_ARC = YES;
				CLANG_ENABLE_OBJC_WEAK = YES;
				CLANG_WARN_BLOCK_CAPTURE_AUTORELEASING = YES;
				CLANG_WARN_BOOL_CONVERSION = YES;
				CLANG_WARN_COMMA = YES;
				CLANG_WARN_CONSTANT_CONVERSION = YES;
				CLANG_WARN_DEPRECATED_OBJC_IMPLEMENTATIONS = YES;
				CLANG_WARN_DIRECT_OBJC_ISA_USAGE = YES_ERROR;
				CLANG_WARN_DOCUMENTATION_COMMENTS = YES;
				CLANG_WARN_EMPTY_BODY = YES;
				CLANG_WARN_ENUM_CONVERSION = YES;
				CLANG_WARN_INFINITE_RECURSION = YES;
				CLANG_WARN_INT_CONVERSION = YES;
				CLANG_WARN_NON_LITERAL_NULL_CONVERSION = YES;
				CLANG_WARN_OBJC_IMPLICIT_RETAIN_SELF = YES;
				CLANG_WARN_OBJC_LITERAL_CONVERSION = YES;
				CLANG_WARN_OBJC_ROOT_CLASS = YES_ERROR;
				CLANG_WARN_QUOTED_INCLUDE_IN_FRAMEWORK_HEADER = YES;
				CLANG_WARN_RANGE_LOOP_ANALYSIS = YES;
				CLANG_WARN_STRICT_PROTOTYPES = YES;
				CLANG_WARN_SUSPICIOUS_MOVE = YES;
				CLANG_WARN_UNGUARDED_AVAILABILITY = YES_AGGRESSIVE;
				CLANG_WARN_UNREACHABLE_CODE = YES;
				CLANG_WARN__DUPLICATE_METHOD_MATCH = YES;
				COPY_PHASE_STRIP = NO;
				CURRENT_PROJECT_VERSION = 1;
				DEBUG_INFORMATION_FORMAT = dwarf;
				ENABLE_STRICT_OBJC_MSGSEND = YES;
				ENABLE_TESTABILITY = YES;
				GCC_C_LANGUAGE_STANDARD = gnu11;
				GCC_DYNAMIC_NO_PIC = NO;
				GCC_NO_COMMON_BLOCKS = YES;
				GCC_OPTIMIZATION_LEVEL = 0;
				GCC_PREPROCESSOR_DEFINITIONS = (
					"DEBUG=1",
					"$(inherited)",
				);
				GCC_WARN_64_TO_32_BIT_CONVERSION = YES;
				GCC_WARN_ABOUT_RETURN_TYPE = YES_ERROR;
				GCC_WARN_UNDECLARED_SELECTOR = YES;
				GCC_WARN_UNINITIALIZED_AUTOS = YES_AGGRESSIVE;
				GCC_WARN_UNUSED_FUNCTION = YES;
				GCC_WARN_UNUSED_VARIABLE = YES;
				IPHONEOS_DEPLOYMENT_TARGET = 9.0;
				MTL_ENABLE_DEBUG_INFO = INCLUDE_SOURCE;
				MTL_FAST_MATH = YES;
				ONLY_ACTIVE_ARCH = YES;
				SDKROOT = iphoneos;
				SWIFT_ACTIVE_COMPILATION_CONDITIONS = DEBUG;
				SWIFT_OPTIMIZATION_LEVEL = "-Onone";
				VERSIONING_SYSTEM = "apple-generic";
				VERSION_INFO_PREFIX = "";
			};
			name = Debug;
		};
		E40208DE256B9BA60077F5DC /* Release */ = {
			isa = XCBuildConfiguration;
			buildSettings = {
				ALWAYS_SEARCH_USER_PATHS = NO;
				CLANG_ANALYZER_NONNULL = YES;
				CLANG_ANALYZER_NUMBER_OBJECT_CONVERSION = YES_AGGRESSIVE;
				CLANG_CXX_LANGUAGE_STANDARD = "gnu++14";
				CLANG_CXX_LIBRARY = "libc++";
				CLANG_ENABLE_MODULES = YES;
				CLANG_ENABLE_OBJC_ARC = YES;
				CLANG_ENABLE_OBJC_WEAK = YES;
				CLANG_WARN_BLOCK_CAPTURE_AUTORELEASING = YES;
				CLANG_WARN_BOOL_CONVERSION = YES;
				CLANG_WARN_COMMA = YES;
				CLANG_WARN_CONSTANT_CONVERSION = YES;
				CLANG_WARN_DEPRECATED_OBJC_IMPLEMENTATIONS = YES;
				CLANG_WARN_DIRECT_OBJC_ISA_USAGE = YES_ERROR;
				CLANG_WARN_DOCUMENTATION_COMMENTS = YES;
				CLANG_WARN_EMPTY_BODY = YES;
				CLANG_WARN_ENUM_CONVERSION = YES;
				CLANG_WARN_INFINITE_RECURSION = YES;
				CLANG_WARN_INT_CONVERSION = YES;
				CLANG_WARN_NON_LITERAL_NULL_CONVERSION = YES;
				CLANG_WARN_OBJC_IMPLICIT_RETAIN_SELF = YES;
				CLANG_WARN_OBJC_LITERAL_CONVERSION = YES;
				CLANG_WARN_OBJC_ROOT_CLASS = YES_ERROR;
				CLANG_WARN_QUOTED_INCLUDE_IN_FRAMEWORK_HEADER = YES;
				CLANG_WARN_RANGE_LOOP_ANALYSIS = YES;
				CLANG_WARN_STRICT_PROTOTYPES = YES;
				CLANG_WARN_SUSPICIOUS_MOVE = YES;
				CLANG_WARN_UNGUARDED_AVAILABILITY = YES_AGGRESSIVE;
				CLANG_WARN_UNREACHABLE_CODE = YES;
				CLANG_WARN__DUPLICATE_METHOD_MATCH = YES;
				COPY_PHASE_STRIP = NO;
				CURRENT_PROJECT_VERSION = 1;
				DEBUG_INFORMATION_FORMAT = "dwarf-with-dsym";
				ENABLE_NS_ASSERTIONS = NO;
				ENABLE_STRICT_OBJC_MSGSEND = YES;
				GCC_C_LANGUAGE_STANDARD = gnu11;
				GCC_NO_COMMON_BLOCKS = YES;
				GCC_WARN_64_TO_32_BIT_CONVERSION = YES;
				GCC_WARN_ABOUT_RETURN_TYPE = YES_ERROR;
				GCC_WARN_UNDECLARED_SELECTOR = YES;
				GCC_WARN_UNINITIALIZED_AUTOS = YES_AGGRESSIVE;
				GCC_WARN_UNUSED_FUNCTION = YES;
				GCC_WARN_UNUSED_VARIABLE = YES;
				IPHONEOS_DEPLOYMENT_TARGET = 9.0;
				MTL_ENABLE_DEBUG_INFO = NO;
				MTL_FAST_MATH = YES;
				SDKROOT = iphoneos;
				SWIFT_COMPILATION_MODE = wholemodule;
				SWIFT_OPTIMIZATION_LEVEL = "-O";
				VALIDATE_PRODUCT = YES;
				VERSIONING_SYSTEM = "apple-generic";
				VERSION_INFO_PREFIX = "";
			};
			name = Release;
		};
		E40208E0256B9BA60077F5DC /* Debug */ = {
			isa = XCBuildConfiguration;
			buildSettings = {
				CLANG_ENABLE_MODULES = YES;
				CODE_SIGN_IDENTITY = "Apple Development";
				CODE_SIGN_STYLE = Automatic;
				DEFINES_MODULE = YES;
				DEVELOPMENT_TEAM = 47UY3G7UH6;
				DYLIB_COMPATIBILITY_VERSION = 1;
				DYLIB_CURRENT_VERSION = 1;
				DYLIB_INSTALL_NAME_BASE = "@rpath";
				INFOPLIST_FILE = Sources/Info.plist;
				INSTALL_PATH = "$(LOCAL_LIBRARY_DIR)/Frameworks";
				IPHONEOS_DEPLOYMENT_TARGET = 9.0;
				LD_RUNPATH_SEARCH_PATHS = (
					"$(inherited)",
					"@executable_path/Frameworks",
					"@loader_path/Frameworks",
				);
				PRODUCT_BUNDLE_IDENTIFIER = ZL.ImageEditor;
				PRODUCT_NAME = "$(TARGET_NAME:c99extidentifier)";
				SKIP_INSTALL = YES;
				SWIFT_OPTIMIZATION_LEVEL = "-Onone";
				SWIFT_VERSION = 5.0;
				TARGETED_DEVICE_FAMILY = "1,2";
			};
			name = Debug;
		};
		E40208E1256B9BA60077F5DC /* Release */ = {
			isa = XCBuildConfiguration;
			buildSettings = {
				CLANG_ENABLE_MODULES = YES;
				CODE_SIGN_IDENTITY = "Apple Development";
				CODE_SIGN_STYLE = Automatic;
				DEFINES_MODULE = YES;
				DEVELOPMENT_TEAM = 47UY3G7UH6;
				DYLIB_COMPATIBILITY_VERSION = 1;
				DYLIB_CURRENT_VERSION = 1;
				DYLIB_INSTALL_NAME_BASE = "@rpath";
				INFOPLIST_FILE = Sources/Info.plist;
				INSTALL_PATH = "$(LOCAL_LIBRARY_DIR)/Frameworks";
				IPHONEOS_DEPLOYMENT_TARGET = 9.0;
				LD_RUNPATH_SEARCH_PATHS = (
					"$(inherited)",
					"@executable_path/Frameworks",
					"@loader_path/Frameworks",
				);
				PRODUCT_BUNDLE_IDENTIFIER = ZL.ImageEditor;
				PRODUCT_NAME = "$(TARGET_NAME:c99extidentifier)";
				SKIP_INSTALL = YES;
				SWIFT_VERSION = 5.0;
				TARGETED_DEVICE_FAMILY = "1,2";
			};
			name = Release;
		};
/* End XCBuildConfiguration section */

/* Begin XCConfigurationList section */
		E40208D1256B9BA60077F5DC /* Build configuration list for PBXProject "ZLImageEditor" */ = {
			isa = XCConfigurationList;
			buildConfigurations = (
				E40208DD256B9BA60077F5DC /* Debug */,
				E40208DE256B9BA60077F5DC /* Release */,
			);
			defaultConfigurationIsVisible = 0;
			defaultConfigurationName = Release;
		};
		E40208DF256B9BA60077F5DC /* Build configuration list for PBXNativeTarget "ZLImageEditor" */ = {
			isa = XCConfigurationList;
			buildConfigurations = (
				E40208E0256B9BA60077F5DC /* Debug */,
				E40208E1256B9BA60077F5DC /* Release */,
			);
			defaultConfigurationIsVisible = 0;
			defaultConfigurationName = Release;
		};
/* End XCConfigurationList section */
	};
	rootObject = E40208CE256B9BA60077F5DC /* Project object */;
}
